<?xml version="1.0" encoding="utf-8"?>
<Project ToolsVersion="4.0" xmlns="http://schemas.microsoft.com/developer/msbuild/2003">
  <ItemGroup>
    <Filter Include="Header Files">
      <UniqueIdentifier>{e850f24d-093f-4c30-a99c-413a7dfa71b8}</UniqueIdentifier>
    </Filter>
    <Filter Include="Resource Files">
      <UniqueIdentifier>{f18cd969-acc3-480c-9147-ea3ae1c8ba92}</UniqueIdentifier>
    </Filter>
    <Filter Include="Source Files">
      <UniqueIdentifier>{bdd0568e-d423-4fcc-affe-6ba0c2a40f78}</UniqueIdentifier>
    </Filter>
    <Filter Include="Header Files\libbdplus">
      <UniqueIdentifier>{9fa47114-47de-47c7-a118-f6931c6160b5}</UniqueIdentifier>
    </Filter>
    <Filter Include="Source Files\libbdplus">
      <UniqueIdentifier>{34b6e8d8-65a1-4ce5-adfb-110a3e850291}</UniqueIdentifier>
    </Filter>
    <Filter Include="Header Files\file">
      <UniqueIdentifier>{8a00369b-b7b7-48d3-8aeb-9a96d4fbed07}</UniqueIdentifier>
    </Filter>
    <Filter Include="Source Files\file">
      <UniqueIdentifier>{61a2a8c0-c10f-4ba5-905e-36b821943616}</UniqueIdentifier>
    </Filter>
    <Filter Include="Header Files\util">
      <UniqueIdentifier>{1761b4ba-927b-4db2-9cc9-8badd0591d69}</UniqueIdentifier>
    </Filter>
    <Filter Include="Source Files\util">
      <UniqueIdentifier>{e12d13cc-4ef1-4d77-9d75-4141502a4879}</UniqueIdentifier>
    </Filter>
    <Filter Include="Header Files\libbdplus\bdsvm">
      <UniqueIdentifier>{91bcf83c-a277-438f-aa2b-65486e35997d}</UniqueIdentifier>
    </Filter>
    <Filter Include="Source Files\libbdplus\bdsvm">
      <UniqueIdentifier>{447c2c31-df8c-477e-a1b2-0d45c5fa7d14}</UniqueIdentifier>
    </Filter>
  </ItemGroup>
  <ItemGroup>
    <ClCompile Include="..\src\file\dirs_win32.c">
      <Filter>Source Files\file</Filter>
    </ClCompile>
    <ClCompile Include="..\src\util\strutl.c">
      <Filter>Source Files\util</Filter>
    </ClCompile>
    <ClCompile Include="..\src\util\logging.c">
      <Filter>Source Files\util</Filter>
    </ClCompile>
    <ClCompile Include="..\src\libbdplus\bdplus_config.c">
      <Filter>Source Files\libbdplus</Filter>
    </ClCompile>
    <ClCompile Include="..\src\libbdplus\internal.c">
      <Filter>Source Files\libbdplus</Filter>
    </ClCompile>
    <ClCompile Include="..\src\libbdplus\bdplus.c">
      <Filter>Source Files\libbdplus</Filter>
    </ClCompile>
    <ClCompile Include="..\src\libbdplus\bdsvm\segment.c">
      <Filter>Source Files\libbdplus\bdsvm</Filter>
    </ClCompile>
    <ClCompile Include="..\src\libbdplus\bdsvm\sha1.c">
      <Filter>Source Files\libbdplus\bdsvm</Filter>
    </ClCompile>
    <ClCompile Include="..\src\libbdplus\bdsvm\slot.c">
      <Filter>Source Files\libbdplus\bdsvm</Filter>
    </ClCompile>
    <ClCompile Include="..\src\libbdplus\bdsvm\trap.c">
      <Filter>Source Files\libbdplus\bdsvm</Filter>
    </ClCompile>
    <ClCompile Include="..\src\libbdplus\bdsvm\trap_helper.c">
      <Filter>Source Files\libbdplus\bdsvm</Filter>
    </ClCompile>
    <ClCompile Include="..\src\libbdplus\bdsvm\diff.c">
      <Filter>Source Files\libbdplus\bdsvm</Filter>
    </ClCompile>
    <ClCompile Include="..\src\libbdplus\bdsvm\dlx.c">
      <Filter>Source Files\libbdplus\bdsvm</Filter>
    </ClCompile>
    <ClCompile Include="..\src\libbdplus\bdsvm\event.c">
      <Filter>Source Files\libbdplus\bdsvm</Filter>
    </ClCompile>
    <ClCompile Include="..\src\libbdplus\bdsvm\interface.c">
      <Filter>Source Files\libbdplus\bdsvm</Filter>
    </ClCompile>
    <ClCompile Include="..\src\libbdplus\bdsvm\loader.c">
      <Filter>Source Files\libbdplus\bdsvm</Filter>
    </ClCompile>
    <ClCompile Include="..\src\file\configfile.c">
      <Filter>Source Files\file</Filter>
    </ClCompile>
    <ClCompile Include="..\src\util\mutex.c">
      <Filter>Source Files\util</Filter>
    </ClCompile>
    <ClCompile Include="..\src\file\dir_win32.c">
      <Filter>Source Files\file</Filter>
    </ClCompile>
    <ClCompile Include="..\src\file\file.c">
      <Filter>Source Files\file</Filter>
    </ClCompile>
    <ClCompile Include="..\src\file\file_win32.c">
      <Filter>Source Files\file</Filter>
    </ClCompile>
  </ItemGroup>
  <ItemGroup>
    <ClInclude Include="..\src\file\dirs.h">
      <Filter>Header Files\file</Filter>
    </ClInclude>
    <ClInclude Include="..\src\file\file.h">
      <Filter>Header Files\file</Filter>
    </ClInclude>
    <ClInclude Include="..\src\util\attributes.h">
      <Filter>Header Files\util</Filter>
    </ClInclude>
    <ClInclude Include="..\src\util\logging.h">
      <Filter>Header Files\util</Filter>
    </ClInclude>
    <ClInclude Include="..\src\util\macro.h">
      <Filter>Header Files\util</Filter>
    </ClInclude>
    <ClInclude Include="..\src\util\mutex.h">
      <Filter>Header Files\util</Filter>
    </ClInclude>
    <ClInclude Include="..\src\util\strutl.h">
      <Filter>Header Files\util</Filter>
    </ClInclude>
    <ClInclude Include="..\src\libbdplus\bdplus.h">
      <Filter>Header Files\libbdplus</Filter>
    </ClInclude>
    <ClInclude Include="..\src\libbdplus\bdplus_config.h">
      <Filter>Header Files\libbdplus</Filter>
    </ClInclude>
    <ClInclude Include="..\src\libbdplus\bdplus_data.h">
      <Filter>Header Files\libbdplus</Filter>
    </ClInclude>
    <ClInclude Include="..\src\libbdplus\internal.h">
      <Filter>Header Files\libbdplus</Filter>
    </ClInclude>
    <ClInclude Include="..\src\libbdplus\bdsvm\diff.h">
      <Filter>Header Files\libbdplus\bdsvm</Filter>
    </ClInclude>
    <ClInclude Include="..\src\libbdplus\bdsvm\dlx.h">
      <Filter>Header Files\libbdplus\bdsvm</Filter>
    </ClInclude>
    <ClInclude Include="..\src\libbdplus\bdsvm\dlx_internal.h">
      <Filter>Header Files\libbdplus\bdsvm</Filter>
    </ClInclude>
    <ClInclude Include="..\src\libbdplus\bdsvm\event.h">
      <Filter>Header Files\libbdplus\bdsvm</Filter>
    </ClInclude>
    <ClInclude Include="..\src\libbdplus\bdsvm\interface.h">
      <Filter>Header Files\libbdplus\bdsvm</Filter>
    </ClInclude>
    <ClInclude Include="..\src\libbdplus\bdsvm\segment.h">
      <Filter>Header Files\libbdplus\bdsvm</Filter>
    </ClInclude>
    <ClInclude Include="..\src\libbdplus\bdsvm\sha1.h">
      <Filter>Header Files\libbdplus\bdsvm</Filter>
    </ClInclude>
    <ClInclude Include="..\src\libbdplus\bdsvm\slot.h">
      <Filter>Header Files\libbdplus\bdsvm</Filter>
    </ClInclude>
    <ClInclude Include="..\src\libbdplus\bdsvm\slot_data.h">
      <Filter>Header Files\libbdplus\bdsvm</Filter>
    </ClInclude>
    <ClInclude Include="..\src\libbdplus\bdsvm\trap.h">
      <Filter>Header Files\libbdplus\bdsvm</Filter>
    </ClInclude>
    <ClInclude Include="..\src\libbdplus\bdsvm\trap_helper.h">
      <Filter>Header Files\libbdplus\bdsvm</Filter>
    </ClInclude>
    <ClInclude Include="config.h">
      <Filter>Header Files</Filter>
    </ClInclude>
    <ClInclude Include="src\libbdplus\bdplus-version.h">
      <Filter>Header Files</Filter>
    </ClInclude>
    <ClInclude Include="..\src\libbdplus\bdsvm\loader.h">
      <Filter>Header Files\libbdplus\bdsvm</Filter>
    </ClInclude>
    <ClInclude Include="..\src\file\filesystem.h">
      <Filter>Header Files\file</Filter>
    </ClInclude>
    <ClInclude Include="..\src\file\configfile.h">
      <Filter>Header Files\file</Filter>
    </ClInclude>
  </ItemGroup>
  <ItemGroup>
    <None Include="libbdplus.def">
      <Filter>Resource Files</Filter>
    </None>
  </ItemGroup>
</Project>